<?xml version="1.0" encoding="utf-8"?>
<Project ToolsVersion="4.0" xmlns="http://schemas.microsoft.com/developer/msbuild/2003">
  <ItemGroup>
    <Filter Include="Res">
      <UniqueIdentifier>{67DA6AB6-F800-4c08-8B7A-83BB121AAD01}</UniqueIdentifier>
      <Extensions>rc;ico;cur;bmp;dlg;rc2;rct;bin;rgs;gif;jpg;jpeg;jpe;resx;tiff;tif;png;wav;mfcribbon-ms</Extensions>
    </Filter>
    <Filter Include="Src">
      <UniqueIdentifier>{4FC737F1-C7A5-4376-A066-2A32D752A2FF}</UniqueIdentifier>
      <Extensions>cpp;c;cc;cxx;c++;cppm;ixx;def;odl;idl;hpj;bat;asm;asmx</Extensions>
    </Filter>
    <Filter Include="Src\Engine">
      <UniqueIdentifier>{156d02c8-0061-4e43-b203-75b5f92601ae}</UniqueIdentifier>
    </Filter>
    <Filter Include="Res\MeshData">
      <UniqueIdentifier>{21c6d017-5f4f-43aa-8602-f7f08dd0da4a}</UniqueIdentifier>
    </Filter>
    <Filter Include="Src\Engine\Collision">
      <UniqueIdentifier>{9a9f008b-c6de-419e-a5a1-e60793da4623}</UniqueIdentifier>
    </Filter>
    <Filter Include="Src\Engine\GameObject">
      <UniqueIdentifier>{acd021ce-46a7-441e-9fc5-d66eec7992fd}</UniqueIdentifier>
    </Filter>
    <Filter Include="Src\Engine\Texture">
      <UniqueIdentifier>{df5b97da-dfeb-4237-b8dc-6e1733043ebf}</UniqueIdentifier>
    </Filter>
    <Filter Include="Src\Engine\Debug">
      <UniqueIdentifier>{289218ed-4e1f-411d-a170-5badb9b3297f}</UniqueIdentifier>
    </Filter>
    <Filter Include="Src\Engine\Mesh">
      <UniqueIdentifier>{b6d4782b-e801-45c8-b993-601bf878bdff}</UniqueIdentifier>
    </Filter>
    <Filter Include="Src\Engine\Components">
      <UniqueIdentifier>{da93753a-de43-4a7b-a5b6-ecf28c31b62d}</UniqueIdentifier>
    </Filter>
    <Filter Include="Src\Engine\Components\Transform">
      <UniqueIdentifier>{9a532c29-e0ec-47b8-96b3-5bcc74d53df8}</UniqueIdentifier>
    </Filter>
    <Filter Include="Src\Engine\Components\Light">
      <UniqueIdentifier>{f9444755-8dd0-4a56-bb73-097317976e9e}</UniqueIdentifier>
    </Filter>
    <Filter Include="Src\Engine\Components\Colliders">
      <UniqueIdentifier>{ef365241-b1cc-4960-809a-7772f69e6c35}</UniqueIdentifier>
    </Filter>
    <Filter Include="Src\Engine\Components\Rigidbody">
      <UniqueIdentifier>{c928da96-cb87-4523-9b49-d46046ee5ceb}</UniqueIdentifier>
    </Filter>
    <Filter Include="Src\Engine\Shader">
      <UniqueIdentifier>{a376dd51-c5aa-4df8-bff3-adc70662e1bb}</UniqueIdentifier>
    </Filter>
    <Filter Include="Src\Engine\Editor">
      <UniqueIdentifier>{f59e6974-afa4-458f-8a38-22c0355897c0}</UniqueIdentifier>
    </Filter>
    <Filter Include="Res\Shader">
      <UniqueIdentifier>{6ec76ba0-0fdb-4946-9d6f-b30ac6ec87dc}</UniqueIdentifier>
    </Filter>
    <Filter Include="Src\Engine\Scene">
      <UniqueIdentifier>{48ddb36e-d319-4a9f-806d-81d6730ed109}</UniqueIdentifier>
    </Filter>
    <Filter Include="Src\Engine\Window">
      <UniqueIdentifier>{ea021b10-cc9b-4616-895c-4ce71710338c}</UniqueIdentifier>
    </Filter>
    <Filter Include="Src\Engine\InputManager">
      <UniqueIdentifier>{9f5224e2-0b46-4eb6-8a94-727e9bc3e64e}</UniqueIdentifier>
    </Filter>
    <Filter Include="Src\Engine\UsingNames">
      <UniqueIdentifier>{ac4c34a3-edba-4f73-88d8-ddc39ece82f8}</UniqueIdentifier>
    </Filter>
    <Filter Include="Src\Engine\Editor\NodeEditor">
      <UniqueIdentifier>{bcd28468-805a-45b1-b4a6-8de85bead9be}</UniqueIdentifier>
    </Filter>
    <Filter Include="Src\Engine\Buffer">
      <UniqueIdentifier>{10df0642-2191-4d62-94de-36b1f226edfd}</UniqueIdentifier>
    </Filter>
    <Filter Include="Src\Engine\Components\Camera">
      <UniqueIdentifier>{b0b74134-9de8-4bbf-a93c-b0e7b418d328}</UniqueIdentifier>
    </Filter>
    <Filter Include="Src\Engine\Engine">
      <UniqueIdentifier>{52b2c7ab-c8cc-444b-93c7-90459840bbc9}</UniqueIdentifier>
    </Filter>
    <Filter Include="Src\Engine\LightParameter">
      <UniqueIdentifier>{719d773c-9e98-4380-b5cf-a346a915f007}</UniqueIdentifier>
    </Filter>
    <Filter Include="Src\Engine\Math">
      <UniqueIdentifier>{926ce579-cc08-49dc-9858-952380a41782}</UniqueIdentifier>
    </Filter>
    <Filter Include="Src\Engine\Editor\NodeEditor\Nodes">
      <UniqueIdentifier>{39bb6f7b-df77-4d45-bee3-a716f123675e}</UniqueIdentifier>
    </Filter>
    <Filter Include="Src\Engine\Editor\NodeEditor\Nodes\Event">
      <UniqueIdentifier>{e7b6aee8-8ce0-4afc-a924-9eaaa7bb6408}</UniqueIdentifier>
    </Filter>
    <Filter Include="Src\Engine\Editor\NodeEditor\Nodes\Functional">
      <UniqueIdentifier>{b2033307-da80-4a1e-b23b-be2e3aedb751}</UniqueIdentifier>
    </Filter>
    <Filter Include="Src\Engine\Editor\MainEditor">
      <UniqueIdentifier>{d84850c5-c533-41c1-9686-bacc869b5a17}</UniqueIdentifier>
    </Filter>
    <Filter Include="Src\Engine\Editor\MainEditor\RenderView">
      <UniqueIdentifier>{7549c72a-60c9-4726-96e3-5dc84e078c1b}</UniqueIdentifier>
    </Filter>
    <Filter Include="Src\Engine\Editor\NodeEditor\Pin">
      <UniqueIdentifier>{3bd75335-8b3c-4b8d-806b-51d2de309991}</UniqueIdentifier>
    </Filter>
    <Filter Include="Src\Engine\Time">
      <UniqueIdentifier>{ebad3738-f9c0-4f35-975b-0b49c11b71a2}</UniqueIdentifier>
    </Filter>
    <Filter Include="Src\Packages">
      <UniqueIdentifier>{97db61aa-2d1e-4021-b95a-5d370b9152d1}</UniqueIdentifier>
    </Filter>
    <Filter Include="Src\Packages\ImGui">
      <UniqueIdentifier>{6c757eca-2b34-4227-8277-a0c9643ec1bf}</UniqueIdentifier>
    </Filter>
    <Filter Include="Src\Packages\glad">
      <UniqueIdentifier>{4edc28de-5526-4db9-8cd0-ec7caf6dbe76}</UniqueIdentifier>
    </Filter>
    <Filter Include="Src\Engine\Configs">
      <UniqueIdentifier>{506e5ef1-5a42-4e1a-8c9f-e3e80f5b2167}</UniqueIdentifier>
    </Filter>
    <Filter Include="Src\Packages\Json">
      <UniqueIdentifier>{56ee8d9b-a570-4629-93b1-94ec959f075f}</UniqueIdentifier>
    </Filter>
    <Filter Include="Src\Packages\Json\nlohmann">
      <UniqueIdentifier>{a0ea5351-ab58-4644-b38a-46edeeffc7b9}</UniqueIdentifier>
    </Filter>
    <Filter Include="Src\Engine\Color">
      <UniqueIdentifier>{356c702c-94a0-4877-b425-8acd29d21054}</UniqueIdentifier>
    </Filter>
    <Filter Include="Src\Engine\Random">
      <UniqueIdentifier>{ff0aad65-a468-4205-910f-763d3888fa53}</UniqueIdentifier>
    </Filter>
    <Filter Include="Src\Engine\EditorInfoRenderer">
      <UniqueIdentifier>{f3c12434-fbe2-4daf-902d-22ee8b41463f}</UniqueIdentifier>
    </Filter>
    <Filter Include="Src\Engine\ImGuiSetter">
      <UniqueIdentifier>{5e4df9e4-c431-45f1-9bbe-81dcc5ddc8c9}</UniqueIdentifier>
    </Filter>
    <Filter Include="Src\Packages\Enum">
      <UniqueIdentifier>{dba27f82-ef46-4d23-9dc3-aebcbab4ec56}</UniqueIdentifier>
    </Filter>
  </ItemGroup>
  <ItemGroup>
    <ClCompile Include="Src\Main.cpp">
      <Filter>Src</Filter>
    </ClCompile>
    <ClCompile Include="Src\Engine\GameObject.cpp">
      <Filter>Src\Engine\GameObject</Filter>
    </ClCompile>
    <ClCompile Include="Src\Engine\Texture.cpp">
      <Filter>Src\Engine\Texture</Filter>
    </ClCompile>
    <ClCompile Include="Src\Engine\Engine.cpp">
      <Filter>Src\Engine\Engine</Filter>
    </ClCompile>
    <ClCompile Include="Src\Engine\Debug.cpp">
      <Filter>Src\Engine\Debug</Filter>
    </ClCompile>
    <ClCompile Include="Src\Engine\Mesh.cpp">
      <Filter>Src\Engine\Mesh</Filter>
    </ClCompile>
    <ClCompile Include="Src\Engine\Random.cpp">
      <Filter>Src\Engine\Random</Filter>
    </ClCompile>
    <ClCompile Include="Src\Engine\Components\Light.cpp">
      <Filter>Src\Engine\Components\Light</Filter>
    </ClCompile>
    <ClCompile Include="Src\Engine\Components\Transform.cpp">
      <Filter>Src\Engine\Components\Transform</Filter>
    </ClCompile>
    <ClCompile Include="Src\Engine\Components\Rigidbody.cpp">
      <Filter>Src\Engine\Components\Rigidbody</Filter>
    </ClCompile>
    <ClCompile Include="Src\Engine\Shader\Shader.cpp">
      <Filter>Src\Engine\Shader</Filter>
    </ClCompile>
    <ClCompile Include="Src\Engine\FramebufferObject.cpp">
      <Filter>Src\Engine\Buffer</Filter>
    </ClCompile>
    <ClCompile Include="Src\Engine\RenderbufferObject.cpp">
      <Filter>Src\Engine\Buffer</Filter>
    </ClCompile>
    <ClCompile Include="Src\Engine\Scene.cpp">
      <Filter>Src\Engine\Scene</Filter>
    </ClCompile>
    <ClCompile Include="Src\Engine\Window.cpp">
      <Filter>Src\Engine\Window</Filter>
    </ClCompile>
    <ClCompile Include="Src\Engine\InputManager.cpp">
      <Filter>Src\Engine\InputManager</Filter>
    </ClCompile>
    <ClCompile Include="Src\Engine\MainEditor\RenderView.cpp">
      <Filter>Src\Engine\Editor\MainEditor\RenderView</Filter>
    </ClCompile>
    <ClCompile Include="Src\Engine\NodeScript\NodeEditor.cpp">
      <Filter>Src\Engine\Editor\NodeEditor</Filter>
    </ClCompile>
    <ClCompile Include="Src\Engine\MainEditor\GameView.cpp">
      <Filter>Src\Engine\Editor\MainEditor</Filter>
    </ClCompile>
    <ClCompile Include="Src\Engine\MainEditor\Hierarchy.cpp">
      <Filter>Src\Engine\Editor\MainEditor</Filter>
    </ClCompile>
    <ClCompile Include="Src\Engine\MainEditor\Inspector.cpp">
      <Filter>Src\Engine\Editor\MainEditor</Filter>
    </ClCompile>
    <ClCompile Include="Src\Engine\MainEditor\MainEditor.cpp">
      <Filter>Src\Engine\Editor\MainEditor</Filter>
    </ClCompile>
    <ClCompile Include="Src\Engine\MainEditor\SceneView.cpp">
      <Filter>Src\Engine\Editor\MainEditor</Filter>
    </ClCompile>
    <ClCompile Include="Src\Engine\Components\Camera.cpp">
      <Filter>Src\Engine\Components\Camera</Filter>
    </ClCompile>
    <ClCompile Include="Src\Engine\NodeScript\NodeScript.cpp">
      <Filter>Src\Engine\Editor\NodeEditor</Filter>
    </ClCompile>
    <ClCompile Include="Src\Engine\LightParameter.cpp">
      <Filter>Src\Engine\LightParameter</Filter>
    </ClCompile>
    <ClCompile Include="Src\Engine\Components\Colliders\AabbCollider.cpp">
      <Filter>Src\Engine\Components\Colliders</Filter>
    </ClCompile>
    <ClCompile Include="Src\Engine\Components\Colliders\SphereCollider.cpp">
      <Filter>Src\Engine\Components\Colliders</Filter>
    </ClCompile>
    <ClCompile Include="Src\Engine\NodeScript\Nodes\Node.cpp">
      <Filter>Src\Engine\Editor\NodeEditor\Nodes</Filter>
    </ClCompile>
    <ClCompile Include="Src\Engine\Time.cpp">
      <Filter>Src\Engine\Time</Filter>
    </ClCompile>
    <ClCompile Include="Src\Engine\NodeScript\Nodes\Functional\AddWorldRotationNode.cpp">
      <Filter>Src\Engine\Editor\NodeEditor\Nodes\Functional</Filter>
    </ClCompile>
    <ClCompile Include="Src\Engine\EditorInfoRenderer.cpp">
      <Filter>Src\Engine\EditorInfoRenderer</Filter>
    </ClCompile>
    <ClCompile Include="Src\Engine\NodeScript\Nodes\Functional\AddWorldPositionNode.cpp">
      <Filter>Src\Engine\Editor\NodeEditor\Nodes\Functional</Filter>
    </ClCompile>
    <ClCompile Include="Src\Engine\Math\Matrix.cpp">
      <Filter>Src\Engine\Math</Filter>
    </ClCompile>
    <ClCompile Include="Src\Engine\MainEditor\Toolbar.cpp">
      <Filter>Src\Engine\Editor\MainEditor</Filter>
    </ClCompile>
    <ClCompile Include="Src\Packages\ImGui\imgui.cpp">
      <Filter>Src\Packages\ImGui</Filter>
    </ClCompile>
    <ClCompile Include="Src\Packages\ImGui\imgui_demo.cpp">
      <Filter>Src\Packages\ImGui</Filter>
    </ClCompile>
    <ClCompile Include="Src\Packages\ImGui\imgui_draw.cpp">
      <Filter>Src\Packages\ImGui</Filter>
    </ClCompile>
    <ClCompile Include="Src\Packages\ImGui\imgui_impl_glfw.cpp">
      <Filter>Src\Packages\ImGui</Filter>
    </ClCompile>
    <ClCompile Include="Src\Packages\ImGui\imgui_impl_opengl3.cpp">
      <Filter>Src\Packages\ImGui</Filter>
    </ClCompile>
    <ClCompile Include="Src\Packages\ImGui\imgui_tables.cpp">
      <Filter>Src\Packages\ImGui</Filter>
    </ClCompile>
    <ClCompile Include="Src\Packages\ImGui\imgui_widgets.cpp">
      <Filter>Src\Packages\ImGui</Filter>
    </ClCompile>
    <ClCompile Include="Src\Packages\ImGui\imnodes.cpp">
      <Filter>Src\Packages\ImGui</Filter>
    </ClCompile>
    <ClCompile Include="Src\Packages\glad\glad.c">
      <Filter>Src\Packages\glad</Filter>
    </ClCompile>
    <ClCompile Include="Src\Engine\NodeScript\NodeCreator.cpp">
      <Filter>Src\Engine\Editor\NodeEditor</Filter>
    </ClCompile>
    <ClCompile Include="Src\Engine\Components\Component.cpp">
      <Filter>Src\Engine\Components</Filter>
    </ClCompile>
    <ClCompile Include="Src\Engine\Collision\Intersect.cpp">
      <Filter>Src\Engine\Collision</Filter>
    </ClCompile>
    <ClCompile Include="Src\Engine\Collision\Collision.cpp">
      <Filter>Src\Engine\Collision</Filter>
    </ClCompile>
    <ClCompile Include="Src\Engine\Components\Colliders\Collider.cpp">
      <Filter>Src\Engine\Components\Colliders</Filter>
    </ClCompile>
    <ClCompile Include="Src\Packages\ImGui\ImGuizmo.cpp">
      <Filter>Src\Packages\ImGui</Filter>
    </ClCompile>
    <ClCompile Include="Src\Engine\Components\ComponentAdder.cpp">
      <Filter>Src\Engine\Components</Filter>
    </ClCompile>
  </ItemGroup>
  <ItemGroup>
    <None Include="Res\Shader\Standard.frag">
      <Filter>Res\Shader</Filter>
    </None>
    <None Include="Res\Shader\Standard.vert">
      <Filter>Res\Shader</Filter>
    </None>
    <None Include="Res\Shader\Unlit.vert">
      <Filter>Res\Shader</Filter>
    </None>
    <None Include="Res\Shader\Unlit.frag">
      <Filter>Res\Shader</Filter>
    </None>
    <None Include="packages.config" />
  </ItemGroup>
  <ItemGroup>
    <ClInclude Include="Src\Engine\GameObject.h">
      <Filter>Src\Engine\GameObject</Filter>
    </ClInclude>
    <ClInclude Include="Src\Engine\Texture.h">
      <Filter>Src\Engine\Texture</Filter>
    </ClInclude>
    <ClInclude Include="Src\Engine\Engine.h">
      <Filter>Src\Engine\Engine</Filter>
    </ClInclude>
    <ClInclude Include="Src\Engine\Debug.h">
      <Filter>Src\Engine\Debug</Filter>
    </ClInclude>
    <ClInclude Include="Src\Engine\Mesh.h">
      <Filter>Src\Engine\Mesh</Filter>
    </ClInclude>
    <ClInclude Include="Src\Engine\VertexArrayObject.h">
      <Filter>Src\Engine\Buffer</Filter>
    </ClInclude>
    <ClInclude Include="Src\Engine\BufferObject.h">
      <Filter>Src\Engine\Buffer</Filter>
    </ClInclude>
    <ClInclude Include="Src\Engine\Random.h">
      <Filter>Src\Engine\Random</Filter>
    </ClInclude>
    <ClInclude Include="Src\Engine\Components\Light.h">
      <Filter>Src\Engine\Components\Light</Filter>
    </ClInclude>
    <ClInclude Include="Src\Engine\Components\Transform.h">
      <Filter>Src\Engine\Components\Transform</Filter>
    </ClInclude>
    <ClInclude Include="Src\Engine\Components\Colliders\AabbCollider.h">
      <Filter>Src\Engine\Components\Colliders</Filter>
    </ClInclude>
    <ClInclude Include="Src\Engine\Components\Colliders\SphereCollider.h">
      <Filter>Src\Engine\Components\Colliders</Filter>
    </ClInclude>
    <ClInclude Include="Src\Engine\Components\Component.h">
      <Filter>Src\Engine\Components</Filter>
    </ClInclude>
    <ClInclude Include="Src\Engine\Components\Rigidbody.h">
      <Filter>Src\Engine\Components\Rigidbody</Filter>
    </ClInclude>
    <ClInclude Include="Src\Engine\Shader\Shader.h">
      <Filter>Src\Engine\Shader</Filter>
    </ClInclude>
    <ClInclude Include="Src\Engine\FramebufferObject.h">
      <Filter>Src\Engine\Buffer</Filter>
    </ClInclude>
    <ClInclude Include="Src\Engine\RenderbufferObject.h">
      <Filter>Src\Engine\Buffer</Filter>
    </ClInclude>
    <ClInclude Include="Src\Engine\Scene.h">
      <Filter>Src\Engine\Scene</Filter>
    </ClInclude>
    <ClInclude Include="Src\Engine\Window.h">
      <Filter>Src\Engine\Window</Filter>
    </ClInclude>
    <ClInclude Include="Src\Engine\InputManager.h">
      <Filter>Src\Engine\InputManager</Filter>
    </ClInclude>
    <ClInclude Include="Src\Engine\MainEditor\RenderView.h">
      <Filter>Src\Engine\Editor\MainEditor\RenderView</Filter>
    </ClInclude>
    <ClInclude Include="Src\Engine\NodeScript\NodeEditor.h">
      <Filter>Src\Engine\Editor\NodeEditor</Filter>
    </ClInclude>
    <ClInclude Include="Src\Engine\NodeScript\NodeScript.h">
      <Filter>Src\Engine\Editor\NodeEditor</Filter>
    </ClInclude>
    <ClInclude Include="Src\Engine\UsingNames\UsingGameObject.h">
      <Filter>Src\Engine\UsingNames</Filter>
    </ClInclude>
    <ClInclude Include="Src\Engine\UsingNames\UsingMesh.h">
      <Filter>Src\Engine\UsingNames</Filter>
    </ClInclude>
    <ClInclude Include="Src\Engine\MainEditor\GameView.h">
      <Filter>Src\Engine\Editor\MainEditor</Filter>
    </ClInclude>
    <ClInclude Include="Src\Engine\MainEditor\Hierarchy.h">
      <Filter>Src\Engine\Editor\MainEditor</Filter>
    </ClInclude>
    <ClInclude Include="Src\Engine\MainEditor\Inspector.h">
      <Filter>Src\Engine\Editor\MainEditor</Filter>
    </ClInclude>
    <ClInclude Include="Src\Engine\MainEditor\MainEditor.h">
      <Filter>Src\Engine\Editor\MainEditor</Filter>
    </ClInclude>
    <ClInclude Include="Src\Engine\MainEditor\SceneView.h">
      <Filter>Src\Engine\Editor\MainEditor</Filter>
    </ClInclude>
    <ClInclude Include="Src\Engine\Components\Camera.h">
      <Filter>Src\Engine\Components\Camera</Filter>
    </ClInclude>
    <ClInclude Include="Src\Engine\LightParameter.h">
      <Filter>Src\Engine\LightParameter</Filter>
    </ClInclude>
    <ClInclude Include="Src\Engine\Math\Matrix.h">
      <Filter>Src\Engine\Math</Filter>
    </ClInclude>
    <ClInclude Include="Src\Engine\Math\Vector.h">
      <Filter>Src\Engine\Math</Filter>
    </ClInclude>
    <ClInclude Include="Src\Engine\Math\Angle.h">
      <Filter>Src\Engine\Math</Filter>
    </ClInclude>
    <ClInclude Include="Src\Engine\Components\Colliders\Collider.h">
      <Filter>Src\Engine\Components\Colliders</Filter>
    </ClInclude>
    <ClInclude Include="Src\Engine\NodeScript\Nodes\Event\EventUpdateNode.h">
      <Filter>Src\Engine\Editor\NodeEditor\Nodes\Event</Filter>
    </ClInclude>
    <ClInclude Include="Src\Engine\UsingNames\UsingNodeEditor.h">
      <Filter>Src\Engine\UsingNames</Filter>
    </ClInclude>
    <ClInclude Include="Src\Engine\NodeScript\Nodes\Node.h">
      <Filter>Src\Engine\Editor\NodeEditor\Nodes</Filter>
    </ClInclude>
    <ClInclude Include="Src\Engine\NodeScript\Nodes\Event\EventNode.h">
      <Filter>Src\Engine\Editor\NodeEditor\Nodes\Event</Filter>
    </ClInclude>
    <ClInclude Include="Src\Engine\NodeScript\Nodes\Functional\FunctionalNode.h">
      <Filter>Src\Engine\Editor\NodeEditor\Nodes\Functional</Filter>
    </ClInclude>
    <ClInclude Include="Src\Engine\NodeScript\Pin\PinType.h">
      <Filter>Src\Engine\Editor\NodeEditor\Pin</Filter>
    </ClInclude>
    <ClInclude Include="Src\Engine\NodeScript\Pin\Pin.h">
      <Filter>Src\Engine\Editor\NodeEditor\Pin</Filter>
    </ClInclude>
    <ClInclude Include="Src\Engine\Time.h">
      <Filter>Src\Engine\Time</Filter>
    </ClInclude>
    <ClInclude Include="Src\Engine\NodeScript\Nodes\Functional\AddWorldRotationNode.h">
      <Filter>Src\Engine\Editor\NodeEditor\Nodes\Functional</Filter>
    </ClInclude>
    <ClInclude Include="Src\Engine\EditorInfoRenderer.h">
      <Filter>Src\Engine\EditorInfoRenderer</Filter>
    </ClInclude>
    <ClInclude Include="Src\Engine\NodeScript\Nodes\Functional\AddWorldPositionNode.h">
      <Filter>Src\Engine\Editor\NodeEditor\Nodes\Functional</Filter>
    </ClInclude>
    <ClInclude Include="Src\Engine\MainEditor\Toolbar.h">
      <Filter>Src\Engine\Editor\MainEditor</Filter>
    </ClInclude>
    <ClInclude Include="Src\Packages\ImGui\imconfig.h">
      <Filter>Src\Packages\ImGui</Filter>
    </ClInclude>
    <ClInclude Include="Src\Packages\ImGui\imgui.h">
      <Filter>Src\Packages\ImGui</Filter>
    </ClInclude>
    <ClInclude Include="Src\Packages\ImGui\imgui_impl_glfw.h">
      <Filter>Src\Packages\ImGui</Filter>
    </ClInclude>
    <ClInclude Include="Src\Packages\ImGui\imgui_impl_opengl3.h">
      <Filter>Src\Packages\ImGui</Filter>
    </ClInclude>
    <ClInclude Include="Src\Packages\ImGui\imgui_impl_opengl3_loader.h">
      <Filter>Src\Packages\ImGui</Filter>
    </ClInclude>
    <ClInclude Include="Src\Packages\ImGui\imgui_internal.h">
      <Filter>Src\Packages\ImGui</Filter>
    </ClInclude>
    <ClInclude Include="Src\Packages\ImGui\imnodes.h">
      <Filter>Src\Packages\ImGui</Filter>
    </ClInclude>
    <ClInclude Include="Src\Packages\ImGui\imnodes_internal.h">
      <Filter>Src\Packages\ImGui</Filter>
    </ClInclude>
    <ClInclude Include="Src\Packages\ImGui\imstb_rectpack.h">
      <Filter>Src\Packages\ImGui</Filter>
    </ClInclude>
    <ClInclude Include="Src\Packages\ImGui\imstb_textedit.h">
      <Filter>Src\Packages\ImGui</Filter>
    </ClInclude>
    <ClInclude Include="Src\Packages\ImGui\imstb_truetype.h">
      <Filter>Src\Packages\ImGui</Filter>
    </ClInclude>
    <ClInclude Include="Src\Packages\glad\glad.h">
      <Filter>Src\Packages\glad</Filter>
    </ClInclude>
    <ClInclude Include="Src\Packages\glad\khrplatform.h">
      <Filter>Src\Packages\glad</Filter>
    </ClInclude>
    <ClInclude Include="Src\Engine\Configs\MeshConfig.h">
      <Filter>Src\Engine\Configs</Filter>
    </ClInclude>
    <ClInclude Include="Src\Engine\Configs\ShaderConfig.h">
      <Filter>Src\Engine\Configs</Filter>
    </ClInclude>
    <ClInclude Include="Src\Packages\Json\Json.h">
      <Filter>Src\Packages\Json</Filter>
    </ClInclude>
    <ClInclude Include="Src\Engine\Configs\ImGuiConfig.h">
      <Filter>Src\Engine\Configs</Filter>
    </ClInclude>
    <ClInclude Include="Src\Engine\Color.h">
      <Filter>Src\Engine\Color</Filter>
    </ClInclude>
    <ClInclude Include="Src\Engine\ImGuiFontSetter.h">
      <Filter>Src\Engine\ImGuiSetter</Filter>
    </ClInclude>
    <ClInclude Include="Src\Engine\Collision\CollisionType.h">
      <Filter>Src\Engine\Collision</Filter>
    </ClInclude>
    <ClInclude Include="Src\Engine\Collision\Intersect.h">
      <Filter>Src\Engine\Collision</Filter>
    </ClInclude>
    <ClInclude Include="Src\Engine\Collision\Collision.h">
      <Filter>Src\Engine\Collision</Filter>
    </ClInclude>
    <ClInclude Include="Src\Engine\UsingNames\UsingCollider.h">
      <Filter>Src\Engine\UsingNames</Filter>
    </ClInclude>
    <ClInclude Include="Src\Packages\ImGui\ImGuizmo.h">
      <Filter>Src\Packages\ImGui</Filter>
    </ClInclude>
    <ClInclude Include="Src\Engine\Math\VectorToJson.h">
      <Filter>Src\Engine\Math</Filter>
    </ClInclude>
    <ClInclude Include="Src\Packages\Enum\magic_enum.hpp">
      <Filter>Src\Packages\Enum</Filter>
    </ClInclude>
    <ClInclude Include="Src\Engine\Components\ComponentAdder.h">
      <Filter>Src\Engine\Components</Filter>
    </ClInclude>
    <ClInclude Include="Src\Packages\Json\nlohmann\json.hpp">
      <Filter>Src\Packages\Json\nlohmann</Filter>
    </ClInclude>
    <ClInclude Include="Src\Packages\Json\UsingNameJson.h">
      <Filter>Src\Packages\Json</Filter>
    </ClInclude>
    <ClInclude Include="Src\Engine\UsingNames\UsingComponent.h">
      <Filter>Src\Engine\UsingNames</Filter>
    </ClInclude>
  </ItemGroup>
</Project>